
Microsoft Visual Studio Solution File, Format Version 12.00
# Visual Studio Version 17
VisualStudioVersion = 17.0.31903.59
MinimumVisualStudioVersion = 10.0.40219.1
Project("{00D1A9C2-B5F0-4AF3-8072-F6C62B433612}") = "DAData", "DAData\DAData.sqlproj", "{254637E1-8EF6-4A9B-AC90-63C5C9A0EE19}"
EndProject
Project("{9A19103F-16F7-4668-BE54-9A1E7A4F7556}") = "DADesktopUI", "DADesktopUI\DADesktopUI.csproj", "{83863D54-B190-47E6-9CA9-5DF2056AF367}"
EndProject
Project("{9A19103F-16F7-4668-BE54-9A1E7A4F7556}") = "DADataManager.Library", "DADataManager.Library\DADataManager.Library.csproj", "{5CDF491B-05B9-4464-B6A0-C1E9635A88FD}"
EndProject
Project("{9A19103F-16F7-4668-BE54-9A1E7A4F7556}") = "DAApi", "DAApi\DAApi.csproj", "{6358321B-4244-462E-9A57-AFEDAB57BCF2}"
EndProject
Project("{9A19103F-16F7-4668-BE54-9A1E7A4F7556}") = "DADesktopUI.Library", "DADesktopUI.Library\DADesktopUI.Library.csproj", "{752CB125-D7CD-46A5-9D33-B19C59E36112}"
EndProject
Project("{2150E333-8FDC-42A3-9474-1A3956D46DE8}") = "DatabaseShared", "DatabaseShared", "{88D46DFE-87E1-4F41-AE71-3570CCC3B2D6}"
	ProjectSection(SolutionItems) = preProject
		DatabaseShared\ApiAuthDb.mdf = DatabaseShared\ApiAuthDb.mdf
		DatabaseShared\DAData_Primary.mdf = DatabaseShared\DAData_Primary.mdf
	EndProjectSection
EndProject
Project("{2150E333-8FDC-42A3-9474-1A3956D46DE8}") = "WPF", "WPF", "{41BFF409-8188-48FE-8092-1E571676362B}"
EndProject
Project("{2150E333-8FDC-42A3-9474-1A3956D46DE8}") = "Others", "Others", "{6FAF64BC-6A8E-4F9D-AA90-247CB8B477E0}"
EndProject
Project("{2150E333-8FDC-42A3-9474-1A3956D46DE8}") = "API", "API", "{5354E9EC-EF8C-407C-89D0-01EA9B85182C}"
EndProject
Project("{2150E333-8FDC-42A3-9474-1A3956D46DE8}") = "Database", "Database", "{874491D1-C2EF-4C0D-BE89-04D8453CBF04}"
EndProject
Project("{FAE04EC0-301F-11D3-BF4B-00C04F79EFBC}") = "DAWebERP", "DAWebERP\DAWebERP.csproj", "{2A6CE606-B2AE-47F1-A31C-3F3CAF3CAC5A}"
EndProject
Global
	GlobalSection(SolutionConfigurationPlatforms) = preSolution
		Debug|Any CPU = Debug|Any CPU
		Release|Any CPU = Release|Any CPU
	EndGlobalSection
	GlobalSection(ProjectConfigurationPlatforms) = postSolution
		{254637E1-8EF6-4A9B-AC90-63C5C9A0EE19}.Debug|Any CPU.ActiveCfg = Debug|Any CPU
		{254637E1-8EF6-4A9B-AC90-63C5C9A0EE19}.Debug|Any CPU.Build.0 = Debug|Any CPU
		{254637E1-8EF6-4A9B-AC90-63C5C9A0EE19}.Debug|Any CPU.Deploy.0 = Debug|Any CPU
		{254637E1-8EF6-4A9B-AC90-63C5C9A0EE19}.Release|Any CPU.ActiveCfg = Release|Any CPU
		{254637E1-8EF6-4A9B-AC90-63C5C9A0EE19}.Release|Any CPU.Build.0 = Release|Any CPU
		{254637E1-8EF6-4A9B-AC90-63C5C9A0EE19}.Release|Any CPU.Deploy.0 = Release|Any CPU
		{83863D54-B190-47E6-9CA9-5DF2056AF367}.Debug|Any CPU.ActiveCfg = Debug|Any CPU
		{83863D54-B190-47E6-9CA9-5DF2056AF367}.Debug|Any CPU.Build.0 = Debug|Any CPU
		{83863D54-B190-47E6-9CA9-5DF2056AF367}.Release|Any CPU.ActiveCfg = Release|Any CPU
		{83863D54-B190-47E6-9CA9-5DF2056AF367}.Release|Any CPU.Build.0 = Release|Any CPU
		{5CDF491B-05B9-4464-B6A0-C1E9635A88FD}.Debug|Any CPU.ActiveCfg = Debug|Any CPU
		{5CDF491B-05B9-4464-B6A0-C1E9635A88FD}.Debug|Any CPU.Build.0 = Debug|Any CPU
		{5CDF491B-05B9-4464-B6A0-C1E9635A88FD}.Release|Any CPU.ActiveCfg = Release|Any CPU
		{5CDF491B-05B9-4464-B6A0-C1E9635A88FD}.Release|Any CPU.Build.0 = Release|Any CPU
		{6358321B-4244-462E-9A57-AFEDAB57BCF2}.Debug|Any CPU.ActiveCfg = Debug|Any CPU
		{6358321B-4244-462E-9A57-AFEDAB57BCF2}.Debug|Any CPU.Build.0 = Debug|Any CPU
		{6358321B-4244-462E-9A57-AFEDAB57BCF2}.Release|Any CPU.ActiveCfg = Release|Any CPU
		{6358321B-4244-462E-9A57-AFEDAB57BCF2}.Release|Any CPU.Build.0 = Release|Any CPU
		{752CB125-D7CD-46A5-9D33-B19C59E36112}.Debug|Any CPU.ActiveCfg = Debug|Any CPU
		{752CB125-D7CD-46A5-9D33-B19C59E36112}.Debug|Any CPU.Build.0 = Debug|Any CPU
		{752CB125-D7CD-46A5-9D33-B19C59E36112}.Release|Any CPU.ActiveCfg = Release|Any CPU
		{752CB125-D7CD-46A5-9D33-B19C59E36112}.Release|Any CPU.Build.0 = Release|Any CPU
		{2A6CE606-B2AE-47F1-A31C-3F3CAF3CAC5A}.Debug|Any CPU.ActiveCfg = Debug|Any CPU
		{2A6CE606-B2AE-47F1-A31C-3F3CAF3CAC5A}.Debug|Any CPU.Build.0 = Debug|Any CPU
		{2A6CE606-B2AE-47F1-A31C-3F3CAF3CAC5A}.Release|Any CPU.ActiveCfg = Release|Any CPU
		{2A6CE606-B2AE-47F1-A31C-3F3CAF3CAC5A}.Release|Any CPU.Build.0 = Release|Any CPU
	EndGlobalSection
	GlobalSection(SolutionProperties) = preSolution
		HideSolutionNode = FALSE
	EndGlobalSection
	GlobalSection(NestedProjects) = preSolution
		{254637E1-8EF6-4A9B-AC90-63C5C9A0EE19} = {874491D1-C2EF-4C0D-BE89-04D8453CBF04}
		{83863D54-B190-47E6-9CA9-5DF2056AF367} = {41BFF409-8188-48FE-8092-1E571676362B}
		{5CDF491B-05B9-4464-B6A0-C1E9635A88FD} = {5354E9EC-EF8C-407C-89D0-01EA9B85182C}
		{6358321B-4244-462E-9A57-AFEDAB57BCF2} = {5354E9EC-EF8C-407C-89D0-01EA9B85182C}
		{752CB125-D7CD-46A5-9D33-B19C59E36112} = {41BFF409-8188-48FE-8092-1E571676362B}
		{88D46DFE-87E1-4F41-AE71-3570CCC3B2D6} = {874491D1-C2EF-4C0D-BE89-04D8453CBF04}
	EndGlobalSection
	GlobalSection(ExtensibilityGlobals) = postSolution
		SolutionGuid = {D3C0CF82-F91C-4579-9488-56CD4F706950}
	EndGlobalSection
EndGlobal
