
Microsoft Visual Studio Solution File, Format Version 12.00
# Visual Studio Version 16
VisualStudioVersion = 16.0.31205.134
MinimumVisualStudioVersion = 10.0.40219.1
Project("{FAE04EC0-301F-11D3-BF4B-00C04F79EFBC}") = "DADataManager", "DADataManager\DADataManager.csproj", "{7B64DDFB-938D-47FF-8E28-45FBDCA2E819}"
EndProject
Global
	GlobalSection(SolutionConfigurationPlatforms) = preSolution
		Debug|Any CPU = Debug|Any CPU
		Release|Any CPU = Release|Any CPU
	EndGlobalSection
	GlobalSection(ProjectConfigurationPlatforms) = postSolution
		{7B64DDFB-938D-47FF-8E28-45FBDCA2E819}.Debug|Any CPU.ActiveCfg = Debug|Any CPU
		{7B64DDFB-938D-47FF-8E28-45FBDCA2E819}.Debug|Any CPU.Build.0 = Debug|Any CPU
		{7B64DDFB-938D-47FF-8E28-45FBDCA2E819}.Release|Any CPU.ActiveCfg = Release|Any CPU
		{7B64DDFB-938D-47FF-8E28-45FBDCA2E819}.Release|Any CPU.Build.0 = Release|Any CPU
	EndGlobalSection
	GlobalSection(SolutionProperties) = preSolution
		HideSolutionNode = FALSE
	EndGlobalSection
	GlobalSection(ExtensibilityGlobals) = postSolution
		SolutionGuid = {D3C0CF82-F91C-4579-9488-56CD4F706950}
	EndGlobalSection
EndGlobal
