
Microsoft Visual Studio Solution File, Format Version 12.00
# Visual Studio Version 17
VisualStudioVersion = 17.0.31903.59
MinimumVisualStudioVersion = 10.0.40219.1
Project("{2150E333-8FDC-42A3-9474-1A3956D46DE8}") = "WPF", "WPF", "{41BFF409-8188-48FE-8092-1E571676362B}"
EndProject
Project("{2150E333-8FDC-42A3-9474-1A3956D46DE8}") = "Others", "Others", "{6FAF64BC-6A8E-4F9D-AA90-247CB8B477E0}"
EndProject
Project("{2150E333-8FDC-42A3-9474-1A3956D46DE8}") = "API", "API", "{5354E9EC-EF8C-407C-89D0-01EA9B85182C}"
EndProject
Project("{2150E333-8FDC-42A3-9474-1A3956D46DE8}") = "Database", "Database", "{874491D1-C2EF-4C0D-BE89-04D8453CBF04}"
EndProject
Project("{2150E333-8FDC-42A3-9474-1A3956D46DE8}") = "WebERP", "WebERP", "{0EF28A5A-CDFC-458A-B69A-A13142FFD464}"
EndProject
Project("{9A19103F-16F7-4668-BE54-9A1E7A4F7556}") = "DAERP.Web", "DAERP.Web\DAERP.Web.csproj", "{E036B797-5D2B-45D2-8635-1225232DEE9F}"
EndProject
Project("{9A19103F-16F7-4668-BE54-9A1E7A4F7556}") = "DAERP.DAL", "DAERP.DAL\DAERP.DAL.csproj", "{FC9EE939-E088-4F6D-A352-DB8C64CF96D9}"
EndProject
Project("{9A19103F-16F7-4668-BE54-9A1E7A4F7556}") = "DAERP.BL", "DAERP.BL\DAERP.BL.csproj", "{603C26B6-4EDC-415B-BED1-950475D7109A}"
EndProject
Project("{2150E333-8FDC-42A3-9474-1A3956D46DE8}") = "Old", "Old", "{60E63E98-89B1-4D69-A135-C39D78A90FB4}"
EndProject
Project("{9A19103F-16F7-4668-BE54-9A1E7A4F7556}") = "DAApi", "Old\DAApi\DAApi.csproj", "{CD98608F-569A-44E2-BF8F-18E8FF5E4FD6}"
EndProject
Project("{9A19103F-16F7-4668-BE54-9A1E7A4F7556}") = "DADataManager.Library", "Old\DADataManager.Library\DADataManager.Library.csproj", "{D1C4FE71-15BF-4B30-9AA8-2268B465508C}"
EndProject
Project("{00D1A9C2-B5F0-4AF3-8072-F6C62B433612}") = "DAData", "Old\DAData\DAData.sqlproj", "{254637E1-8EF6-4A9B-AC90-63C5C9A0EE19}"
EndProject
Project("{9A19103F-16F7-4668-BE54-9A1E7A4F7556}") = "DADesktopUI", "Old\DADesktopUI\DADesktopUI.csproj", "{009D7D47-972E-439A-B2B6-4D4C48843E1B}"
EndProject
Project("{9A19103F-16F7-4668-BE54-9A1E7A4F7556}") = "DADesktopUI.Library", "Old\DADesktopUI.Library\DADesktopUI.Library.csproj", "{E10BCC26-7CD3-476B-935E-FEE2507A8CE1}"
EndProject
Project("{FAE04EC0-301F-11D3-BF4B-00C04F79EFBC}") = "Helper", "Helper\Helper.csproj", "{FCA88644-F823-4C43-871A-4B750DEDF2CC}"
EndProject
Global
	GlobalSection(SolutionConfigurationPlatforms) = preSolution
		Debug|Any CPU = Debug|Any CPU
		Release|Any CPU = Release|Any CPU
	EndGlobalSection
	GlobalSection(ProjectConfigurationPlatforms) = postSolution
		{E036B797-5D2B-45D2-8635-1225232DEE9F}.Debug|Any CPU.ActiveCfg = Debug|Any CPU
		{E036B797-5D2B-45D2-8635-1225232DEE9F}.Debug|Any CPU.Build.0 = Debug|Any CPU
		{E036B797-5D2B-45D2-8635-1225232DEE9F}.Release|Any CPU.ActiveCfg = Release|Any CPU
		{E036B797-5D2B-45D2-8635-1225232DEE9F}.Release|Any CPU.Build.0 = Release|Any CPU
		{FC9EE939-E088-4F6D-A352-DB8C64CF96D9}.Debug|Any CPU.ActiveCfg = Debug|Any CPU
		{FC9EE939-E088-4F6D-A352-DB8C64CF96D9}.Debug|Any CPU.Build.0 = Debug|Any CPU
		{FC9EE939-E088-4F6D-A352-DB8C64CF96D9}.Release|Any CPU.ActiveCfg = Release|Any CPU
		{FC9EE939-E088-4F6D-A352-DB8C64CF96D9}.Release|Any CPU.Build.0 = Release|Any CPU
		{603C26B6-4EDC-415B-BED1-950475D7109A}.Debug|Any CPU.ActiveCfg = Debug|Any CPU
		{603C26B6-4EDC-415B-BED1-950475D7109A}.Debug|Any CPU.Build.0 = Debug|Any CPU
		{603C26B6-4EDC-415B-BED1-950475D7109A}.Release|Any CPU.ActiveCfg = Release|Any CPU
		{603C26B6-4EDC-415B-BED1-950475D7109A}.Release|Any CPU.Build.0 = Release|Any CPU
		{CD98608F-569A-44E2-BF8F-18E8FF5E4FD6}.Debug|Any CPU.ActiveCfg = Debug|Any CPU
		{CD98608F-569A-44E2-BF8F-18E8FF5E4FD6}.Debug|Any CPU.Build.0 = Debug|Any CPU
		{CD98608F-569A-44E2-BF8F-18E8FF5E4FD6}.Release|Any CPU.ActiveCfg = Release|Any CPU
		{CD98608F-569A-44E2-BF8F-18E8FF5E4FD6}.Release|Any CPU.Build.0 = Release|Any CPU
		{D1C4FE71-15BF-4B30-9AA8-2268B465508C}.Debug|Any CPU.ActiveCfg = Debug|Any CPU
		{D1C4FE71-15BF-4B30-9AA8-2268B465508C}.Debug|Any CPU.Build.0 = Debug|Any CPU
		{D1C4FE71-15BF-4B30-9AA8-2268B465508C}.Release|Any CPU.ActiveCfg = Release|Any CPU
		{D1C4FE71-15BF-4B30-9AA8-2268B465508C}.Release|Any CPU.Build.0 = Release|Any CPU
		{254637E1-8EF6-4A9B-AC90-63C5C9A0EE19}.Debug|Any CPU.ActiveCfg = Debug|Any CPU
		{254637E1-8EF6-4A9B-AC90-63C5C9A0EE19}.Debug|Any CPU.Build.0 = Debug|Any CPU
		{254637E1-8EF6-4A9B-AC90-63C5C9A0EE19}.Debug|Any CPU.Deploy.0 = Debug|Any CPU
		{254637E1-8EF6-4A9B-AC90-63C5C9A0EE19}.Release|Any CPU.ActiveCfg = Release|Any CPU
		{254637E1-8EF6-4A9B-AC90-63C5C9A0EE19}.Release|Any CPU.Build.0 = Release|Any CPU
		{254637E1-8EF6-4A9B-AC90-63C5C9A0EE19}.Release|Any CPU.Deploy.0 = Release|Any CPU
		{009D7D47-972E-439A-B2B6-4D4C48843E1B}.Debug|Any CPU.ActiveCfg = Debug|Any CPU
		{009D7D47-972E-439A-B2B6-4D4C48843E1B}.Debug|Any CPU.Build.0 = Debug|Any CPU
		{009D7D47-972E-439A-B2B6-4D4C48843E1B}.Release|Any CPU.ActiveCfg = Release|Any CPU
		{009D7D47-972E-439A-B2B6-4D4C48843E1B}.Release|Any CPU.Build.0 = Release|Any CPU
		{E10BCC26-7CD3-476B-935E-FEE2507A8CE1}.Debug|Any CPU.ActiveCfg = Debug|Any CPU
		{E10BCC26-7CD3-476B-935E-FEE2507A8CE1}.Debug|Any CPU.Build.0 = Debug|Any CPU
		{E10BCC26-7CD3-476B-935E-FEE2507A8CE1}.Release|Any CPU.ActiveCfg = Release|Any CPU
		{E10BCC26-7CD3-476B-935E-FEE2507A8CE1}.Release|Any CPU.Build.0 = Release|Any CPU
		{FCA88644-F823-4C43-871A-4B750DEDF2CC}.Debug|Any CPU.ActiveCfg = Debug|Any CPU
		{FCA88644-F823-4C43-871A-4B750DEDF2CC}.Debug|Any CPU.Build.0 = Debug|Any CPU
		{FCA88644-F823-4C43-871A-4B750DEDF2CC}.Release|Any CPU.ActiveCfg = Release|Any CPU
		{FCA88644-F823-4C43-871A-4B750DEDF2CC}.Release|Any CPU.Build.0 = Release|Any CPU
	EndGlobalSection
	GlobalSection(SolutionProperties) = preSolution
		HideSolutionNode = FALSE
	EndGlobalSection
	GlobalSection(NestedProjects) = preSolution
		{41BFF409-8188-48FE-8092-1E571676362B} = {60E63E98-89B1-4D69-A135-C39D78A90FB4}
		{6FAF64BC-6A8E-4F9D-AA90-247CB8B477E0} = {60E63E98-89B1-4D69-A135-C39D78A90FB4}
		{5354E9EC-EF8C-407C-89D0-01EA9B85182C} = {60E63E98-89B1-4D69-A135-C39D78A90FB4}
		{874491D1-C2EF-4C0D-BE89-04D8453CBF04} = {60E63E98-89B1-4D69-A135-C39D78A90FB4}
		{E036B797-5D2B-45D2-8635-1225232DEE9F} = {0EF28A5A-CDFC-458A-B69A-A13142FFD464}
		{FC9EE939-E088-4F6D-A352-DB8C64CF96D9} = {0EF28A5A-CDFC-458A-B69A-A13142FFD464}
		{603C26B6-4EDC-415B-BED1-950475D7109A} = {0EF28A5A-CDFC-458A-B69A-A13142FFD464}
		{CD98608F-569A-44E2-BF8F-18E8FF5E4FD6} = {5354E9EC-EF8C-407C-89D0-01EA9B85182C}
		{D1C4FE71-15BF-4B30-9AA8-2268B465508C} = {5354E9EC-EF8C-407C-89D0-01EA9B85182C}
		{254637E1-8EF6-4A9B-AC90-63C5C9A0EE19} = {874491D1-C2EF-4C0D-BE89-04D8453CBF04}
		{009D7D47-972E-439A-B2B6-4D4C48843E1B} = {41BFF409-8188-48FE-8092-1E571676362B}
		{E10BCC26-7CD3-476B-935E-FEE2507A8CE1} = {41BFF409-8188-48FE-8092-1E571676362B}
	EndGlobalSection
	GlobalSection(ExtensibilityGlobals) = postSolution
		SolutionGuid = {D3C0CF82-F91C-4579-9488-56CD4F706950}
	EndGlobalSection
EndGlobal
